
Microsoft Visual Studio Solution File, Format Version 12.00
# Visual Studio Version 17
VisualStudioVersion = 17.5.33424.131
MinimumVisualStudioVersion = 10.0.40219.1
Project("{FAE04EC0-301F-11D3-BF4B-00C04F79EFBC}") = "APISTUDENT", "APISTUDENT\APISTUDENT.csproj", "{6725F448-F156-4881-9AD0-B8FDD2FCCFCB}"
EndProject
Global
	GlobalSection(SolutionConfigurationPlatforms) = preSolution
		Debug|Any CPU = Debug|Any CPU
		Release|Any CPU = Release|Any CPU
	EndGlobalSection
	GlobalSection(ProjectConfigurationPlatforms) = postSolution
		{6725F448-F156-4881-9AD0-B8FDD2FCCFCB}.Debug|Any CPU.ActiveCfg = Debug|Any CPU
		{6725F448-F156-4881-9AD0-B8FDD2FCCFCB}.Debug|Any CPU.Build.0 = Debug|Any CPU
		{6725F448-F156-4881-9AD0-B8FDD2FCCFCB}.Release|Any CPU.ActiveCfg = Release|Any CPU
		{6725F448-F156-4881-9AD0-B8FDD2FCCFCB}.Release|Any CPU.Build.0 = Release|Any CPU
	EndGlobalSection
	GlobalSection(SolutionProperties) = preSolution
		HideSolutionNode = FALSE
	EndGlobalSection
	GlobalSection(ExtensibilityGlobals) = postSolution
		SolutionGuid = {01F979C8-5B69-4862-8A3A-1B7027B2E50F}
	EndGlobalSection
EndGlobal
